
Microsoft Visual Studio Solution File, Format Version 12.00
# Visual Studio 2012
Project("{FAE04EC0-301F-11D3-BF4B-00C04F79EFBC}") = "furry-ironman-game", "furry-ironman-game\furry-ironman-game\furry-ironman-game.csproj", "{B26BD8D3-8970-437A-A451-C49C58859B49}"
EndProject
Project("{96E2B04D-8817-42C6-938A-82C39BA4D311}") = "furry-ironman-gameContent", "furry-ironman-game\furry-ironman-gameContent\furry-ironman-gameContent.contentproj", "{E8CA261C-C1F9-4CF7-AC35-F0CFFE4DA35F}"
EndProject
Global
	GlobalSection(SolutionConfigurationPlatforms) = preSolution
		Debug|x86 = Debug|x86
		Release|x86 = Release|x86
	EndGlobalSection
	GlobalSection(ProjectConfigurationPlatforms) = postSolution
		{B26BD8D3-8970-437A-A451-C49C58859B49}.Debug|x86.ActiveCfg = Debug|x86
		{B26BD8D3-8970-437A-A451-C49C58859B49}.Debug|x86.Build.0 = Debug|x86
		{B26BD8D3-8970-437A-A451-C49C58859B49}.Release|x86.ActiveCfg = Release|x86
		{B26BD8D3-8970-437A-A451-C49C58859B49}.Release|x86.Build.0 = Release|x86
		{E8CA261C-C1F9-4CF7-AC35-F0CFFE4DA35F}.Debug|x86.ActiveCfg = Debug|x86
		{E8CA261C-C1F9-4CF7-AC35-F0CFFE4DA35F}.Release|x86.ActiveCfg = Release|x86
	EndGlobalSection
	GlobalSection(SolutionProperties) = preSolution
		HideSolutionNode = FALSE
	EndGlobalSection
EndGlobal
